// !$*UTF8*$!
{
	archiveVersion = 1;
	classes = {
	};
	objectVersion = 50;
	objects = {

/* Begin PBXBuildFile section */
		76C1ACC3243E3A5B00805F39 /* AppDelegate.swift in Sources */ = {isa = PBXBuildFile; fileRef = 76C1ACC2243E3A5B00805F39 /* AppDelegate.swift */; };
		76C1ACC5243E3A5B00805F39 /* SceneDelegate.swift in Sources */ = {isa = PBXBuildFile; fileRef = 76C1ACC4243E3A5B00805F39 /* SceneDelegate.swift */; };
		76C1ACC7243E3A5B00805F39 /* ViewController.swift in Sources */ = {isa = PBXBuildFile; fileRef = 76C1ACC6243E3A5B00805F39 /* ViewController.swift */; };
		76C1ACCA243E3A5B00805F39 /* Main.storyboard in Resources */ = {isa = PBXBuildFile; fileRef = 76C1ACC8243E3A5B00805F39 /* Main.storyboard */; };
		76C1ACCD243E3A5B00805F39 /* CoreDataSample.xcdatamodeld in Sources */ = {isa = PBXBuildFile; fileRef = 76C1ACCB243E3A5B00805F39 /* CoreDataSample.xcdatamodeld */; };
		76C1ACCF243E3A5D00805F39 /* Assets.xcassets in Resources */ = {isa = PBXBuildFile; fileRef = 76C1ACCE243E3A5D00805F39 /* Assets.xcassets */; };
		76C1ACD2243E3A5D00805F39 /* LaunchScreen.storyboard in Resources */ = {isa = PBXBuildFile; fileRef = 76C1ACD0243E3A5D00805F39 /* LaunchScreen.storyboard */; };
		76F4667B243F8A6B001A70D9 /* CustomerInfo+CoreDataClass.swift in Sources */ = {isa = PBXBuildFile; fileRef = 76F46679243F8A6B001A70D9 /* CustomerInfo+CoreDataClass.swift */; };
		76F4667C243F8A6B001A70D9 /* CustomerInfo+CoreDataProperties.swift in Sources */ = {isa = PBXBuildFile; fileRef = 76F4667A243F8A6B001A70D9 /* CustomerInfo+CoreDataProperties.swift */; };
		76F7CB20243E5EF100D641C8 /* DisplayDataViewController.swift in Sources */ = {isa = PBXBuildFile; fileRef = 76F7CB1F243E5EF100D641C8 /* DisplayDataViewController.swift */; };
/* End PBXBuildFile section */

/* Begin PBXFileReference section */
		76C1ACBF243E3A5B00805F39 /* CoreDataSample.app */ = {isa = PBXFileReference; explicitFileType = wrapper.application; includeInIndex = 0; path = CoreDataSample.app; sourceTree = BUILT_PRODUCTS_DIR; };
		76C1ACC2243E3A5B00805F39 /* AppDelegate.swift */ = {isa = PBXFileReference; lastKnownFileType = sourcecode.swift; path = AppDelegate.swift; sourceTree = "<group>"; };
		76C1ACC4243E3A5B00805F39 /* SceneDelegate.swift */ = {isa = PBXFileReference; lastKnownFileType = sourcecode.swift; path = SceneDelegate.swift; sourceTree = "<group>"; };
		76C1ACC6243E3A5B00805F39 /* ViewController.swift */ = {isa = PBXFileReference; lastKnownFileType = sourcecode.swift; path = ViewController.swift; sourceTree = "<group>"; };
		76C1ACC9243E3A5B00805F39 /* Base */ = {isa = PBXFileReference; lastKnownFileType = file.storyboard; name = Base; path = Base.lproj/Main.storyboard; sourceTree = "<group>"; };
		76C1ACCC243E3A5B00805F39 /* CoreDataSample.xcdatamodel */ = {isa = PBXFileReference; lastKnownFileType = wrapper.xcdatamodel; path = CoreDataSample.xcdatamodel; sourceTree = "<group>"; };
		76C1ACCE243E3A5D00805F39 /* Assets.xcassets */ = {isa = PBXFileReference; lastKnownFileType = folder.assetcatalog; path = Assets.xcassets; sourceTree = "<group>"; };
		76C1ACD1243E3A5D00805F39 /* Base */ = {isa = PBXFileReference; lastKnownFileType = file.storyboard; name = Base; path = Base.lproj/LaunchScreen.storyboard; sourceTree = "<group>"; };
		76C1ACD3243E3A5D00805F39 /* Info.plist */ = {isa = PBXFileReference; lastKnownFileType = text.plist.xml; path = Info.plist; sourceTree = "<group>"; };
		76F46679243F8A6B001A70D9 /* CustomerInfo+CoreDataClass.swift */ = {isa = PBXFileReference; lastKnownFileType = sourcecode.swift; path = "CustomerInfo+CoreDataClass.swift"; sourceTree = SOURCE_ROOT; };
		76F4667A243F8A6B001A70D9 /* CustomerInfo+CoreDataProperties.swift */ = {isa = PBXFileReference; lastKnownFileType = sourcecode.swift; path = "CustomerInfo+CoreDataProperties.swift"; sourceTree = SOURCE_ROOT; };
		76F7CB1F243E5EF100D641C8 /* DisplayDataViewController.swift */ = {isa = PBXFileReference; lastKnownFileType = sourcecode.swift; path = DisplayDataViewController.swift; sourceTree = "<group>"; };
/* End PBXFileReference section */

/* Begin PBXFrameworksBuildPhase section */
		76C1ACBC243E3A5B00805F39 /* Frameworks */ = {
			isa = PBXFrameworksBuildPhase;
			buildActionMask = 2147483647;
			files = (
			);
			runOnlyForDeploymentPostprocessing = 0;
		};
/* End PBXFrameworksBuildPhase section */

/* Begin PBXGroup section */
		76C1ACB6243E3A5B00805F39 = {
			isa = PBXGroup;
			children = (
				76C1ACC1243E3A5B00805F39 /* CoreDataSample */,
				76C1ACC0243E3A5B00805F39 /* Products */,
			);
			sourceTree = "<group>";
		};
		76C1ACC0243E3A5B00805F39 /* Products */ = {
			isa = PBXGroup;
			children = (
				76C1ACBF243E3A5B00805F39 /* CoreDataSample.app */,
			);
			name = Products;
			sourceTree = "<group>";
		};
		76C1ACC1243E3A5B00805F39 /* CoreDataSample */ = {
			isa = PBXGroup;
			children = (
				76F7CB24243E5F1100D641C8 /* Controller */,
				76F7CB23243E5F0B00D641C8 /* Model */,
				76F7CB22243E5F0400D641C8 /* Data */,
				76F7CB21243E5EFE00D641C8 /* View */,
				76C1ACC2243E3A5B00805F39 /* AppDelegate.swift */,
				76C1ACC4243E3A5B00805F39 /* SceneDelegate.swift */,
				76C1ACCE243E3A5D00805F39 /* Assets.xcassets */,
				76C1ACD3243E3A5D00805F39 /* Info.plist */,
			);
			path = CoreDataSample;
			sourceTree = "<group>";
		};
		76F7CB21243E5EFE00D641C8 /* View */ = {
			isa = PBXGroup;
			children = (
				76C1ACD0243E3A5D00805F39 /* LaunchScreen.storyboard */,
				76C1ACC8243E3A5B00805F39 /* Main.storyboard */,
			);
			path = View;
			sourceTree = "<group>";
		};
		76F7CB22243E5F0400D641C8 /* Data */ = {
			isa = PBXGroup;
			children = (
				76C1ACCB243E3A5B00805F39 /* CoreDataSample.xcdatamodeld */,
			);
			path = Data;
			sourceTree = "<group>";
		};
		76F7CB23243E5F0B00D641C8 /* Model */ = {
			isa = PBXGroup;
			children = (
				76F46679243F8A6B001A70D9 /* CustomerInfo+CoreDataClass.swift */,
				76F4667A243F8A6B001A70D9 /* CustomerInfo+CoreDataProperties.swift */,
			);
			path = Model;
			sourceTree = "<group>";
		};
		76F7CB24243E5F1100D641C8 /* Controller */ = {
			isa = PBXGroup;
			children = (
				76C1ACC6243E3A5B00805F39 /* ViewController.swift */,
				76F7CB1F243E5EF100D641C8 /* DisplayDataViewController.swift */,
			);
			path = Controller;
			sourceTree = "<group>";
		};
/* End PBXGroup section */

/* Begin PBXNativeTarget section */
		76C1ACBE243E3A5B00805F39 /* CoreDataSample */ = {
			isa = PBXNativeTarget;
			buildConfigurationList = 76C1ACD6243E3A5D00805F39 /* Build configuration list for PBXNativeTarget "CoreDataSample" */;
			buildPhases = (
				76C1ACBB243E3A5B00805F39 /* Sources */,
				76C1ACBC243E3A5B00805F39 /* Frameworks */,
				76C1ACBD243E3A5B00805F39 /* Resources */,
			);
			buildRules = (
			);
			dependencies = (
			);
			name = CoreDataSample;
			productName = CoreDataSample;
			productReference = 76C1ACBF243E3A5B00805F39 /* CoreDataSample.app */;
			productType = "com.apple.product-type.application";
		};
/* End PBXNativeTarget section */

/* Begin PBXProject section */
		76C1ACB7243E3A5B00805F39 /* Project object */ = {
			isa = PBXProject;
			attributes = {
				LastSwiftUpdateCheck = 1140;
				LastUpgradeCheck = 1140;
				ORGANIZATIONNAME = "Sahin Raj";
				TargetAttributes = {
					76C1ACBE243E3A5B00805F39 = {
						CreatedOnToolsVersion = 11.4;
					};
				};
			};
			buildConfigurationList = 76C1ACBA243E3A5B00805F39 /* Build configuration list for PBXProject "CoreDataSample" */;
			compatibilityVersion = "Xcode 9.3";
			developmentRegion = en;
			hasScannedForEncodings = 0;
			knownRegions = (
				en,
				Base,
			);
			mainGroup = 76C1ACB6243E3A5B00805F39;
			productRefGroup = 76C1ACC0243E3A5B00805F39 /* Products */;
			projectDirPath = "";
			projectRoot = "";
			targets = (
				76C1ACBE243E3A5B00805F39 /* CoreDataSample */,
			);
		};
/* End PBXProject section */

/* Begin PBXResourcesBuildPhase section */
		76C1ACBD243E3A5B00805F39 /* Resources */ = {
			isa = PBXResourcesBuildPhase;
			buildActionMask = 2147483647;
			files = (
				76C1ACD2243E3A5D00805F39 /* LaunchScreen.storyboard in Resources */,
				76C1ACCF243E3A5D00805F39 /* Assets.xcassets in Resources */,
				76C1ACCA243E3A5B00805F39 /* Main.storyboard in Resources */,
			);
			runOnlyForDeploymentPostprocessing = 0;
		};
/* End PBXResourcesBuildPhase section */

/* Begin PBXSourcesBuildPhase section */
		76C1ACBB243E3A5B00805F39 /* Sources */ = {
			isa = PBXSourcesBuildPhase;
			buildActionMask = 2147483647;
			files = (
				76C1ACCD243E3A5B00805F39 /* CoreDataSample.xcdatamodeld in Sources */,
				76C1ACC7243E3A5B00805F39 /* ViewController.swift in Sources */,
				76F4667B243F8A6B001A70D9 /* CustomerInfo+CoreDataClass.swift in Sources */,
				76C1ACC3243E3A5B00805F39 /* AppDelegate.swift in Sources */,
				76F4667C243F8A6B001A70D9 /* CustomerInfo+CoreDataProperties.swift in Sources */,
				76C1ACC5243E3A5B00805F39 /* SceneDelegate.swift in Sources */,
				76F7CB20243E5EF100D641C8 /* DisplayDataViewController.swift in Sources */,
			);
			runOnlyForDeploymentPostprocessing = 0;
		};
/* End PBXSourcesBuildPhase section */

/* Begin PBXVariantGroup section */
		76C1ACC8243E3A5B00805F39 /* Main.storyboard */ = {
			isa = PBXVariantGroup;
			children = (
				76C1ACC9243E3A5B00805F39 /* Base */,
			);
			name = Main.storyboard;
			sourceTree = "<group>";
		};
		76C1ACD0243E3A5D00805F39 /* LaunchScreen.storyboard */ = {
			isa = PBXVariantGroup;
			children = (
				76C1ACD1243E3A5D00805F39 /* Base */,
			);
			name = LaunchScreen.storyboard;
			sourceTree = "<group>";
		};
/* End PBXVariantGroup section */

/* Begin XCBuildConfiguration section */
		76C1ACD4243E3A5D00805F39 /* Debug */ = {
			isa = XCBuildConfiguration;
			buildSettings = {
				ALWAYS_SEARCH_USER_PATHS = NO;
				CLANG_ANALYZER_NONNULL = YES;
				CLANG_ANALYZER_NUMBER_OBJECT_CONVERSION = YES_AGGRESSIVE;
				CLANG_CXX_LANGUAGE_STANDARD = "gnu++14";
				CLANG_CXX_LIBRARY = "libc++";
				CLANG_ENABLE_MODULES = YES;
				CLANG_ENABLE_OBJC_ARC = YES;
				CLANG_ENABLE_OBJC_WEAK = YES;
				CLANG_WARN_BLOCK_CAPTURE_AUTORELEASING = YES;
				CLANG_WARN_BOOL_CONVERSION = YES;
				CLANG_WARN_COMMA = YES;
				CLANG_WARN_CONSTANT_CONVERSION = YES;
				CLANG_WARN_DEPRECATED_OBJC_IMPLEMENTATIONS = YES;
				CLANG_WARN_DIRECT_OBJC_ISA_USAGE = YES_ERROR;
				CLANG_WARN_DOCUMENTATION_COMMENTS = YES;
				CLANG_WARN_EMPTY_BODY = YES;
				CLANG_WARN_ENUM_CONVERSION = YES;
				CLANG_WARN_INFINITE_RECURSION = YES;
				CLANG_WARN_INT_CONVERSION = YES;
				CLANG_WARN_NON_LITERAL_NULL_CONVERSION = YES;
				CLANG_WARN_OBJC_IMPLICIT_RETAIN_SELF = YES;
				CLANG_WARN_OBJC_LITERAL_CONVERSION = YES;
				CLANG_WARN_OBJC_ROOT_CLASS = YES_ERROR;
				CLANG_WARN_RANGE_LOOP_ANALYSIS = YES;
				CLANG_WARN_STRICT_PROTOTYPES = YES;
				CLANG_WARN_SUSPICIOUS_MOVE = YES;
				CLANG_WARN_UNGUARDED_AVAILABILITY = YES_AGGRESSIVE;
				CLANG_WARN_UNREACHABLE_CODE = YES;
				CLANG_WARN__DUPLICATE_METHOD_MATCH = YES;
				COPY_PHASE_STRIP = NO;
				DEBUG_INFORMATION_FORMAT = dwarf;
				ENABLE_STRICT_OBJC_MSGSEND = YES;
				ENABLE_TESTABILITY = YES;
				GCC_C_LANGUAGE_STANDARD = gnu11;
				GCC_DYNAMIC_NO_PIC = NO;
				GCC_NO_COMMON_BLOCKS = YES;
				GCC_OPTIMIZATION_LEVEL = 0;
				GCC_PREPROCESSOR_DEFINITIONS = (
					"DEBUG=1",
					"$(inherited)",
				);
				GCC_WARN_64_TO_32_BIT_CONVERSION = YES;
				GCC_WARN_ABOUT_RETURN_TYPE = YES_ERROR;
				GCC_WARN_UNDECLARED_SELECTOR = YES;
				GCC_WARN_UNINITIALIZED_AUTOS = YES_AGGRESSIVE;
				GCC_WARN_UNUSED_FUNCTION = YES;
				GCC_WARN_UNUSED_VARIABLE = YES;
				IPHONEOS_DEPLOYMENT_TARGET = 13.4;
				MTL_ENABLE_DEBUG_INFO = INCLUDE_SOURCE;
				MTL_FAST_MATH = YES;
				ONLY_ACTIVE_ARCH = YES;
				SDKROOT = iphoneos;
				SWIFT_ACTIVE_COMPILATION_CONDITIONS = DEBUG;
				SWIFT_OPTIMIZATION_LEVEL = "-Onone";
			};
			name = Debug;
		};
		76C1ACD5243E3A5D00805F39 /* Release */ = {
			isa = XCBuildConfiguration;
			buildSettings = {
				ALWAYS_SEARCH_USER_PATHS = NO;
				CLANG_ANALYZER_NONNULL = YES;
				CLANG_ANALYZER_NUMBER_OBJECT_CONVERSION = YES_AGGRESSIVE;
				CLANG_CXX_LANGUAGE_STANDARD = "gnu++14";
				CLANG_CXX_LIBRARY = "libc++";
				CLANG_ENABLE_MODULES = YES;
				CLANG_ENABLE_OBJC_ARC = YES;
				CLANG_ENABLE_OBJC_WEAK = YES;
				CLANG_WARN_BLOCK_CAPTURE_AUTORELEASING = YES;
				CLANG_WARN_BOOL_CONVERSION = YES;
				CLANG_WARN_COMMA = YES;
				CLANG_WARN_CONSTANT_CONVERSION = YES;
				CLANG_WARN_DEPRECATED_OBJC_IMPLEMENTATIONS = YES;
				CLANG_WARN_DIRECT_OBJC_ISA_USAGE = YES_ERROR;
				CLANG_WARN_DOCUMENTATION_COMMENTS = YES;
				CLANG_WARN_EMPTY_BODY = YES;
				CLANG_WARN_ENUM_CONVERSION = YES;
				CLANG_WARN_INFINITE_RECURSION = YES;
				CLANG_WARN_INT_CONVERSION = YES;
				CLANG_WARN_NON_LITERAL_NULL_CONVERSION = YES;
				CLANG_WARN_OBJC_IMPLICIT_RETAIN_SELF = YES;
				CLANG_WARN_OBJC_LITERAL_CONVERSION = YES;
				CLANG_WARN_OBJC_ROOT_CLASS = YES_ERROR;
				CLANG_WARN_RANGE_LOOP_ANALYSIS = YES;
				CLANG_WARN_STRICT_PROTOTYPES = YES;
				CLANG_WARN_SUSPICIOUS_MOVE = YES;
				CLANG_WARN_UNGUARDED_AVAILABILITY = YES_AGGRESSIVE;
				CLANG_WARN_UNREACHABLE_CODE = YES;
				CLANG_WARN__DUPLICATE_METHOD_MATCH = YES;
				COPY_PHASE_STRIP = NO;
				DEBUG_INFORMATION_FORMAT = "dwarf-with-dsym";
				ENABLE_NS_ASSERTIONS = NO;
				ENABLE_STRICT_OBJC_MSGSEND = YES;
				GCC_C_LANGUAGE_STANDARD = gnu11;
				GCC_NO_COMMON_BLOCKS = YES;
				GCC_WARN_64_TO_32_BIT_CONVERSION = YES;
				GCC_WARN_ABOUT_RETURN_TYPE = YES_ERROR;
				GCC_WARN_UNDECLARED_SELECTOR = YES;
				GCC_WARN_UNINITIALIZED_AUTOS = YES_AGGRESSIVE;
				GCC_WARN_UNUSED_FUNCTION = YES;
				GCC_WARN_UNUSED_VARIABLE = YES;
				IPHONEOS_DEPLOYMENT_TARGET = 13.4;
				MTL_ENABLE_DEBUG_INFO = NO;
				MTL_FAST_MATH = YES;
				SDKROOT = iphoneos;
				SWIFT_COMPILATION_MODE = wholemodule;
				SWIFT_OPTIMIZATION_LEVEL = "-O";
				VALIDATE_PRODUCT = YES;
			};
			name = Release;
		};
		76C1ACD7243E3A5D00805F39 /* Debug */ = {
			isa = XCBuildConfiguration;
			buildSettings = {
				ASSETCATALOG_COMPILER_APPICON_NAME = AppIcon;
				CODE_SIGN_STYLE = Automatic;
				DEVELOPMENT_TEAM = 69269BVT58;
				INFOPLIST_FILE = CoreDataSample/Info.plist;
				LD_RUNPATH_SEARCH_PATHS = (
					"$(inherited)",
					"@executable_path/Frameworks",
				);
				PRODUCT_BUNDLE_IDENTIFIER = com.sahinraj.fedex.coredata.CoreDataSample;
				PRODUCT_NAME = "$(TARGET_NAME)";
				SWIFT_VERSION = 5.0;
				TARGETED_DEVICE_FAMILY = "1,2";
			};
			name = Debug;
		};
		76C1ACD8243E3A5D00805F39 /* Release */ = {
			isa = XCBuildConfiguration;
			buildSettings = {
				ASSETCATALOG_COMPILER_APPICON_NAME = AppIcon;
				CODE_SIGN_STYLE = Automatic;
				DEVELOPMENT_TEAM = 69269BVT58;
				INFOPLIST_FILE = CoreDataSample/Info.plist;
				LD_RUNPATH_SEARCH_PATHS = (
					"$(inherited)",
					"@executable_path/Frameworks",
				);
				PRODUCT_BUNDLE_IDENTIFIER = com.sahinraj.fedex.coredata.CoreDataSample;
				PRODUCT_NAME = "$(TARGET_NAME)";
				SWIFT_VERSION = 5.0;
				TARGETED_DEVICE_FAMILY = "1,2";
			};
			name = Release;
		};
/* End XCBuildConfiguration section */

/* Begin XCConfigurationList section */
		76C1ACBA243E3A5B00805F39 /* Build configuration list for PBXProject "CoreDataSample" */ = {
			isa = XCConfigurationList;
			buildConfigurations = (
				76C1ACD4243E3A5D00805F39 /* Debug */,
				76C1ACD5243E3A5D00805F39 /* Release */,
			);
			defaultConfigurationIsVisible = 0;
			defaultConfigurationName = Release;
		};
		76C1ACD6243E3A5D00805F39 /* Build configuration list for PBXNativeTarget "CoreDataSample" */ = {
			isa = XCConfigurationList;
			buildConfigurations = (
				76C1ACD7243E3A5D00805F39 /* Debug */,
				76C1ACD8243E3A5D00805F39 /* Release */,
			);
			defaultConfigurationIsVisible = 0;
			defaultConfigurationName = Release;
		};
/* End XCConfigurationList section */

/* Begin XCVersionGroup section */
		76C1ACCB243E3A5B00805F39 /* CoreDataSample.xcdatamodeld */ = {
			isa = XCVersionGroup;
			children = (
				76C1ACCC243E3A5B00805F39 /* CoreDataSample.xcdatamodel */,
			);
			currentVersion = 76C1ACCC243E3A5B00805F39 /* CoreDataSample.xcdatamodel */;
			path = CoreDataSample.xcdatamodeld;
			sourceTree = "<group>";
			versionGroupType = wrapper.xcdatamodel;
		};
/* End XCVersionGroup section */
	};
	rootObject = 76C1ACB7243E3A5B00805F39 /* Project object */;
}
